
Microsoft Visual Studio Solution File, Format Version 12.00
# Visual Studio Version 16
VisualStudioVersion = 16.0.31105.61
MinimumVisualStudioVersion = 10.0.40219.1
Project("{9A19103F-16F7-4668-BE54-9A1E7A4F7556}") = "QnABotHost", "QnABotHost\QnABotHost.csproj", "{F1100DC7-4AA2-4F3F-9FBA-6FB1B214C798}"
EndProject
Global
	GlobalSection(SolutionConfigurationPlatforms) = preSolution
		Debug|Any CPU = Debug|Any CPU
		Release|Any CPU = Release|Any CPU
	EndGlobalSection
	GlobalSection(ProjectConfigurationPlatforms) = postSolution
		{F1100DC7-4AA2-4F3F-9FBA-6FB1B214C798}.Debug|Any CPU.ActiveCfg = Debug|Any CPU
		{F1100DC7-4AA2-4F3F-9FBA-6FB1B214C798}.Debug|Any CPU.Build.0 = Debug|Any CPU
		{F1100DC7-4AA2-4F3F-9FBA-6FB1B214C798}.Release|Any CPU.ActiveCfg = Release|Any CPU
		{F1100DC7-4AA2-4F3F-9FBA-6FB1B214C798}.Release|Any CPU.Build.0 = Release|Any CPU
	EndGlobalSection
	GlobalSection(SolutionProperties) = preSolution
		HideSolutionNode = FALSE
	EndGlobalSection
	GlobalSection(ExtensibilityGlobals) = postSolution
		SolutionGuid = {AF35ACEA-7105-4B44-A062-57DB50B7D4D4}
	EndGlobalSection
	GlobalSection(TeamFoundationVersionControl) = preSolution
		SccNumberOfProjects = 2
		SccEnterpriseProvider = {4CA58AB2-18FA-4F8D-95D4-32DDF27D184C}
		SccTeamFoundationServer = https://nimccoll.visualstudio.com/
		SccLocalPath0 = .
		SccProjectUniqueName1 = QnABotHost\\QnABotHost.csproj
		SccProjectName1 = QnABotHost
		SccLocalPath1 = QnABotHost
	EndGlobalSection
EndGlobal
